
Microsoft Visual Studio Solution File, Format Version 11.00
# Visual Studio 2010
Project("{FAE04EC0-301F-11D3-BF4B-00C04F79EFBC}") = "MIDTERM", "Assembly-CSharp-firstpass.csproj", "{0A7B49C6-2A1A-3C52-D991-68D9A6FF2A2F}"
EndProject
Project("{FAE04EC0-301F-11D3-BF4B-00C04F79EFBC}") = "MIDTERM", "Assembly-CSharp.csproj", "{144FB966-B6E7-3C71-FADA-09D56C6F802C}"
EndProject
Project("{FAE04EC0-301F-11D3-BF4B-00C04F79EFBC}") = "MIDTERM", "Assembly-CSharp-Editor-firstpass.csproj", "{67A04465-DFE9-CCBB-B58C-3B25EFB23BCB}"
EndProject
Global
	GlobalSection(SolutionConfigurationPlatforms) = preSolution
		Debug|Any CPU = Debug|Any CPU
		Release|Any CPU = Release|Any CPU
	EndGlobalSection
	GlobalSection(ProjectConfigurationPlatforms) = postSolution
		{0A7B49C6-2A1A-3C52-D991-68D9A6FF2A2F}.Debug|Any CPU.ActiveCfg = Debug|Any CPU
		{0A7B49C6-2A1A-3C52-D991-68D9A6FF2A2F}.Debug|Any CPU.Build.0 = Debug|Any CPU
		{0A7B49C6-2A1A-3C52-D991-68D9A6FF2A2F}.Release|Any CPU.ActiveCfg = Release|Any CPU
		{0A7B49C6-2A1A-3C52-D991-68D9A6FF2A2F}.Release|Any CPU.Build.0 = Release|Any CPU
		{144FB966-B6E7-3C71-FADA-09D56C6F802C}.Debug|Any CPU.ActiveCfg = Debug|Any CPU
		{144FB966-B6E7-3C71-FADA-09D56C6F802C}.Debug|Any CPU.Build.0 = Debug|Any CPU
		{144FB966-B6E7-3C71-FADA-09D56C6F802C}.Release|Any CPU.ActiveCfg = Release|Any CPU
		{144FB966-B6E7-3C71-FADA-09D56C6F802C}.Release|Any CPU.Build.0 = Release|Any CPU
		{67A04465-DFE9-CCBB-B58C-3B25EFB23BCB}.Debug|Any CPU.ActiveCfg = Debug|Any CPU
		{67A04465-DFE9-CCBB-B58C-3B25EFB23BCB}.Debug|Any CPU.Build.0 = Debug|Any CPU
		{67A04465-DFE9-CCBB-B58C-3B25EFB23BCB}.Release|Any CPU.ActiveCfg = Release|Any CPU
		{67A04465-DFE9-CCBB-B58C-3B25EFB23BCB}.Release|Any CPU.Build.0 = Release|Any CPU
	EndGlobalSection
	GlobalSection(SolutionProperties) = preSolution
		HideSolutionNode = FALSE
	EndGlobalSection
	GlobalSection(MonoDevelopProperties) = preSolution
		StartupItem = Assembly-CSharp.csproj
	EndGlobalSection
EndGlobal
